
Microsoft Visual Studio Solution File, Format Version 12.00
# Visual Studio 15
Project("{FAE04EC0-301F-11D3-BF4B-00C04F79EFBC}") = "590-FINAL-GAME", "Assembly-CSharp.csproj", "{4191E9FA-5D20-7B92-1962-97D574326F77}"
EndProject
Project("{FAE04EC0-301F-11D3-BF4B-00C04F79EFBC}") = "590-FINAL-GAME", "Assembly-CSharp-Editor.csproj", "{A247E19C-FEB8-7F2F-B2AF-559D9C60F7F6}"
EndProject
Global
	GlobalSection(SolutionConfigurationPlatforms) = preSolution
		Debug|Any CPU = Debug|Any CPU
		Release|Any CPU = Release|Any CPU
	EndGlobalSection
	GlobalSection(ProjectConfigurationPlatforms) = postSolution
		{4191E9FA-5D20-7B92-1962-97D574326F77}.Debug|Any CPU.ActiveCfg = Debug|Any CPU
		{4191E9FA-5D20-7B92-1962-97D574326F77}.Debug|Any CPU.Build.0 = Debug|Any CPU
		{4191E9FA-5D20-7B92-1962-97D574326F77}.Release|Any CPU.ActiveCfg = Release|Any CPU
		{4191E9FA-5D20-7B92-1962-97D574326F77}.Release|Any CPU.Build.0 = Release|Any CPU
		{A247E19C-FEB8-7F2F-B2AF-559D9C60F7F6}.Debug|Any CPU.ActiveCfg = Debug|Any CPU
		{A247E19C-FEB8-7F2F-B2AF-559D9C60F7F6}.Debug|Any CPU.Build.0 = Debug|Any CPU
		{A247E19C-FEB8-7F2F-B2AF-559D9C60F7F6}.Release|Any CPU.ActiveCfg = Release|Any CPU
		{A247E19C-FEB8-7F2F-B2AF-559D9C60F7F6}.Release|Any CPU.Build.0 = Release|Any CPU
	EndGlobalSection
	GlobalSection(SolutionProperties) = preSolution
		HideSolutionNode = FALSE
	EndGlobalSection
EndGlobal
